
Microsoft Visual Studio Solution File, Format Version 12.00
# Visual Studio Version 17
VisualStudioVersion = 17.13.35828.75 d17.13
MinimumVisualStudioVersion = 10.0.40219.1
Project("{FAE04EC0-301F-11D3-BF4B-00C04F79EFBC}") = "Ticketing", "Ticketing.csproj", "{465F559B-A5E3-44EC-8EAE-C559952B659B}"
EndProject
Global
	GlobalSection(SolutionConfigurationPlatforms) = preSolution
		Debug|Any CPU = Debug|Any CPU
		Release|Any CPU = Release|Any CPU
	EndGlobalSection
	GlobalSection(ProjectConfigurationPlatforms) = postSolution
		{465F559B-A5E3-44EC-8EAE-C559952B659B}.Debug|Any CPU.ActiveCfg = Debug|Any CPU
		{465F559B-A5E3-44EC-8EAE-C559952B659B}.Debug|Any CPU.Build.0 = Debug|Any CPU
		{465F559B-A5E3-44EC-8EAE-C559952B659B}.Release|Any CPU.ActiveCfg = Release|Any CPU
		{465F559B-A5E3-44EC-8EAE-C559952B659B}.Release|Any CPU.Build.0 = Release|Any CPU
	EndGlobalSection
	GlobalSection(SolutionProperties) = preSolution
		HideSolutionNode = FALSE
	EndGlobalSection
	GlobalSection(ExtensibilityGlobals) = postSolution
		SolutionGuid = {480235EE-5857-4913-9808-E87C2135D20A}
	EndGlobalSection
EndGlobal
